// !$*UTF8*$!
{
	archiveVersion = 1;
	classes = {
	};
	objectVersion = 55;
	objects = {

/* Begin PBXBuildFile section */
		87315EEF28F82B59004051C6 /* stick_low.mp3 in Resources */ = {isa = PBXBuildFile; fileRef = 87315EEE28F82B59004051C6 /* stick_low.mp3 */; };
		8736B70028F7D8A900907650 /* stick.mp3 in Resources */ = {isa = PBXBuildFile; fileRef = 8736B6FF28F7D8A900907650 /* stick.mp3 */; };
		876EAF202B06493F004CAA2A /* CustomColors.swift in Sources */ = {isa = PBXBuildFile; fileRef = 876EAF1F2B06493F004CAA2A /* CustomColors.swift */; };
		87A2FA5D28F67562002C1901 /* Assets.xcassets in Resources */ = {isa = PBXBuildFile; fileRef = 87A2FA5C28F67562002C1901 /* Assets.xcassets */; };
		87A2FA6B28F67562002C1901 /* MetronomeTests.swift in Sources */ = {isa = PBXBuildFile; fileRef = 87A2FA6A28F67562002C1901 /* MetronomeTests.swift */; };
		87A2FA7528F67562002C1901 /* MetronomeUITests.swift in Sources */ = {isa = PBXBuildFile; fileRef = 87A2FA7428F67562002C1901 /* MetronomeUITests.swift */; };
		87A2FA7728F67562002C1901 /* MetronomeUITestsLaunchTests.swift in Sources */ = {isa = PBXBuildFile; fileRef = 87A2FA7628F67562002C1901 /* MetronomeUITestsLaunchTests.swift */; };
		D31F639B2AF923F600422588 /* MetronomeApp.swift in Sources */ = {isa = PBXBuildFile; fileRef = D31F639A2AF923F600422588 /* MetronomeApp.swift */; };
		D31F639D2AF9242E00422588 /* MetronomeView.swift in Sources */ = {isa = PBXBuildFile; fileRef = D31F639C2AF9242E00422588 /* MetronomeView.swift */; };
		D31F639F2AF9245400422588 /* MetronomeViewModel.swift in Sources */ = {isa = PBXBuildFile; fileRef = D31F639E2AF9245400422588 /* MetronomeViewModel.swift */; };
		D31F63A12AF924CB00422588 /* Metronome.swift in Sources */ = {isa = PBXBuildFile; fileRef = D31F63A02AF924CB00422588 /* Metronome.swift */; };
		D36761102B0CB0D80028D9EE /* BeatView.swift in Sources */ = {isa = PBXBuildFile; fileRef = D367610F2B0CB0D80028D9EE /* BeatView.swift */; };
/* End PBXBuildFile section */

/* Begin PBXContainerItemProxy section */
		87A2FA6728F67562002C1901 /* PBXContainerItemProxy */ = {
			isa = PBXContainerItemProxy;
			containerPortal = 87A2FA4828F67561002C1901 /* Project object */;
			proxyType = 1;
			remoteGlobalIDString = 87A2FA4F28F67561002C1901;
			remoteInfo = Metronome;
		};
		87A2FA7128F67562002C1901 /* PBXContainerItemProxy */ = {
			isa = PBXContainerItemProxy;
			containerPortal = 87A2FA4828F67561002C1901 /* Project object */;
			proxyType = 1;
			remoteGlobalIDString = 87A2FA4F28F67561002C1901;
			remoteInfo = Metronome;
		};
/* End PBXContainerItemProxy section */

/* Begin PBXFileReference section */
		87315EEE28F82B59004051C6 /* stick_low.mp3 */ = {isa = PBXFileReference; lastKnownFileType = audio.mp3; path = stick_low.mp3; sourceTree = "<group>"; };
		8736B6FF28F7D8A900907650 /* stick.mp3 */ = {isa = PBXFileReference; lastKnownFileType = audio.mp3; path = stick.mp3; sourceTree = "<group>"; };
		876EAF1F2B06493F004CAA2A /* CustomColors.swift */ = {isa = PBXFileReference; lastKnownFileType = sourcecode.swift; path = CustomColors.swift; sourceTree = "<group>"; };
		87A2FA5028F67561002C1901 /* Metronome.app */ = {isa = PBXFileReference; explicitFileType = wrapper.application; includeInIndex = 0; path = Metronome.app; sourceTree = BUILT_PRODUCTS_DIR; };
		87A2FA5C28F67562002C1901 /* Assets.xcassets */ = {isa = PBXFileReference; lastKnownFileType = folder.assetcatalog; path = Assets.xcassets; sourceTree = "<group>"; };
		87A2FA6128F67562002C1901 /* Info.plist */ = {isa = PBXFileReference; lastKnownFileType = text.plist.xml; path = Info.plist; sourceTree = "<group>"; };
		87A2FA6628F67562002C1901 /* MetronomeTests.xctest */ = {isa = PBXFileReference; explicitFileType = wrapper.cfbundle; includeInIndex = 0; path = MetronomeTests.xctest; sourceTree = BUILT_PRODUCTS_DIR; };
		87A2FA6A28F67562002C1901 /* MetronomeTests.swift */ = {isa = PBXFileReference; lastKnownFileType = sourcecode.swift; path = MetronomeTests.swift; sourceTree = "<group>"; };
		87A2FA7028F67562002C1901 /* MetronomeUITests.xctest */ = {isa = PBXFileReference; explicitFileType = wrapper.cfbundle; includeInIndex = 0; path = MetronomeUITests.xctest; sourceTree = BUILT_PRODUCTS_DIR; };
		87A2FA7428F67562002C1901 /* MetronomeUITests.swift */ = {isa = PBXFileReference; lastKnownFileType = sourcecode.swift; path = MetronomeUITests.swift; sourceTree = "<group>"; };
		87A2FA7628F67562002C1901 /* MetronomeUITestsLaunchTests.swift */ = {isa = PBXFileReference; lastKnownFileType = sourcecode.swift; path = MetronomeUITestsLaunchTests.swift; sourceTree = "<group>"; };
		D31F639A2AF923F600422588 /* MetronomeApp.swift */ = {isa = PBXFileReference; lastKnownFileType = sourcecode.swift; path = MetronomeApp.swift; sourceTree = "<group>"; };
		D31F639C2AF9242E00422588 /* MetronomeView.swift */ = {isa = PBXFileReference; lastKnownFileType = sourcecode.swift; path = MetronomeView.swift; sourceTree = "<group>"; };
		D31F639E2AF9245400422588 /* MetronomeViewModel.swift */ = {isa = PBXFileReference; lastKnownFileType = sourcecode.swift; path = MetronomeViewModel.swift; sourceTree = "<group>"; };
		D31F63A02AF924CB00422588 /* Metronome.swift */ = {isa = PBXFileReference; lastKnownFileType = sourcecode.swift; path = Metronome.swift; sourceTree = "<group>"; };
		D367610F2B0CB0D80028D9EE /* BeatView.swift */ = {isa = PBXFileReference; lastKnownFileType = sourcecode.swift; path = BeatView.swift; sourceTree = "<group>"; };
/* End PBXFileReference section */

/* Begin PBXFrameworksBuildPhase section */
		87A2FA4D28F67561002C1901 /* Frameworks */ = {
			isa = PBXFrameworksBuildPhase;
			buildActionMask = 2147483647;
			files = (
			);
			runOnlyForDeploymentPostprocessing = 0;
		};
		87A2FA6328F67562002C1901 /* Frameworks */ = {
			isa = PBXFrameworksBuildPhase;
			buildActionMask = 2147483647;
			files = (
			);
			runOnlyForDeploymentPostprocessing = 0;
		};
		87A2FA6D28F67562002C1901 /* Frameworks */ = {
			isa = PBXFrameworksBuildPhase;
			buildActionMask = 2147483647;
			files = (
			);
			runOnlyForDeploymentPostprocessing = 0;
		};
/* End PBXFrameworksBuildPhase section */

/* Begin PBXGroup section */
		8736B6FE28F7D89500907650 /* Sound */ = {
			isa = PBXGroup;
			children = (
				87315EEE28F82B59004051C6 /* stick_low.mp3 */,
				8736B6FF28F7D8A900907650 /* stick.mp3 */,
			);
			path = Sound;
			sourceTree = "<group>";
		};
		876EAF1E2B06492A004CAA2A /* Supporting Files */ = {
			isa = PBXGroup;
			children = (
				876EAF1F2B06493F004CAA2A /* CustomColors.swift */,
			);
			path = "Supporting Files";
			sourceTree = "<group>";
		};
		87A2FA4728F67561002C1901 = {
			isa = PBXGroup;
			children = (
				D36761122B0CB0F20028D9EE /* Model */,
				D367610E2B0CB0C90028D9EE /* View */,
				D36761112B0CB0E40028D9EE /* ViewModel */,
				876EAF1E2B06492A004CAA2A /* Supporting Files */,
				D31F639A2AF923F600422588 /* MetronomeApp.swift */,
				87A2FA5228F67561002C1901 /* Metronome */,
				87A2FA6928F67562002C1901 /* MetronomeTests */,
				87A2FA7328F67562002C1901 /* MetronomeUITests */,
				87A2FA5128F67561002C1901 /* Products */,
			);
			sourceTree = "<group>";
		};
		87A2FA5128F67561002C1901 /* Products */ = {
			isa = PBXGroup;
			children = (
				87A2FA5028F67561002C1901 /* Metronome.app */,
				87A2FA6628F67562002C1901 /* MetronomeTests.xctest */,
				87A2FA7028F67562002C1901 /* MetronomeUITests.xctest */,
			);
			name = Products;
			sourceTree = "<group>";
		};
		87A2FA5228F67561002C1901 /* Metronome */ = {
			isa = PBXGroup;
			children = (
				8736B6FE28F7D89500907650 /* Sound */,
				87A2FA5C28F67562002C1901 /* Assets.xcassets */,
				87A2FA6128F67562002C1901 /* Info.plist */,
			);
			path = Metronome;
			sourceTree = "<group>";
		};
		87A2FA6928F67562002C1901 /* MetronomeTests */ = {
			isa = PBXGroup;
			children = (
				87A2FA6A28F67562002C1901 /* MetronomeTests.swift */,
			);
			path = MetronomeTests;
			sourceTree = "<group>";
		};
		87A2FA7328F67562002C1901 /* MetronomeUITests */ = {
			isa = PBXGroup;
			children = (
				87A2FA7428F67562002C1901 /* MetronomeUITests.swift */,
				87A2FA7628F67562002C1901 /* MetronomeUITestsLaunchTests.swift */,
			);
			path = MetronomeUITests;
			sourceTree = "<group>";
		};
		D367610E2B0CB0C90028D9EE /* View */ = {
			isa = PBXGroup;
			children = (
				D31F639C2AF9242E00422588 /* MetronomeView.swift */,
				D367610F2B0CB0D80028D9EE /* BeatView.swift */,
			);
			path = View;
			sourceTree = "<group>";
		};
		D36761112B0CB0E40028D9EE /* ViewModel */ = {
			isa = PBXGroup;
			children = (
				D31F639E2AF9245400422588 /* MetronomeViewModel.swift */,
			);
			path = ViewModel;
			sourceTree = "<group>";
		};
		D36761122B0CB0F20028D9EE /* Model */ = {
			isa = PBXGroup;
			children = (
				D31F63A02AF924CB00422588 /* Metronome.swift */,
			);
			path = Model;
			sourceTree = "<group>";
		};
/* End PBXGroup section */

/* Begin PBXNativeTarget section */
		87A2FA4F28F67561002C1901 /* Metronome */ = {
			isa = PBXNativeTarget;
			buildConfigurationList = 87A2FA7A28F67562002C1901 /* Build configuration list for PBXNativeTarget "Metronome" */;
			buildPhases = (
				87A2FA4C28F67561002C1901 /* Sources */,
				87A2FA4D28F67561002C1901 /* Frameworks */,
				87A2FA4E28F67561002C1901 /* Resources */,
			);
			buildRules = (
			);
			dependencies = (
			);
			name = Metronome;
			productName = Metronome;
			productReference = 87A2FA5028F67561002C1901 /* Metronome.app */;
			productType = "com.apple.product-type.application";
		};
		87A2FA6528F67562002C1901 /* MetronomeTests */ = {
			isa = PBXNativeTarget;
			buildConfigurationList = 87A2FA7D28F67562002C1901 /* Build configuration list for PBXNativeTarget "MetronomeTests" */;
			buildPhases = (
				87A2FA6228F67562002C1901 /* Sources */,
				87A2FA6328F67562002C1901 /* Frameworks */,
				87A2FA6428F67562002C1901 /* Resources */,
			);
			buildRules = (
			);
			dependencies = (
				87A2FA6828F67562002C1901 /* PBXTargetDependency */,
			);
			name = MetronomeTests;
			productName = MetronomeTests;
			productReference = 87A2FA6628F67562002C1901 /* MetronomeTests.xctest */;
			productType = "com.apple.product-type.bundle.unit-test";
		};
		87A2FA6F28F67562002C1901 /* MetronomeUITests */ = {
			isa = PBXNativeTarget;
			buildConfigurationList = 87A2FA8028F67562002C1901 /* Build configuration list for PBXNativeTarget "MetronomeUITests" */;
			buildPhases = (
				87A2FA6C28F67562002C1901 /* Sources */,
				87A2FA6D28F67562002C1901 /* Frameworks */,
				87A2FA6E28F67562002C1901 /* Resources */,
			);
			buildRules = (
			);
			dependencies = (
				87A2FA7228F67562002C1901 /* PBXTargetDependency */,
			);
			name = MetronomeUITests;
			productName = MetronomeUITests;
			productReference = 87A2FA7028F67562002C1901 /* MetronomeUITests.xctest */;
			productType = "com.apple.product-type.bundle.ui-testing";
		};
/* End PBXNativeTarget section */

/* Begin PBXProject section */
		87A2FA4828F67561002C1901 /* Project object */ = {
			isa = PBXProject;
			attributes = {
				BuildIndependentTargetsInParallel = 1;
				LastSwiftUpdateCheck = 1340;
				LastUpgradeCheck = 1340;
				TargetAttributes = {
					87A2FA4F28F67561002C1901 = {
						CreatedOnToolsVersion = 13.4;
					};
					87A2FA6528F67562002C1901 = {
						CreatedOnToolsVersion = 13.4;
						TestTargetID = 87A2FA4F28F67561002C1901;
					};
					87A2FA6F28F67562002C1901 = {
						CreatedOnToolsVersion = 13.4;
						TestTargetID = 87A2FA4F28F67561002C1901;
					};
				};
			};
			buildConfigurationList = 87A2FA4B28F67561002C1901 /* Build configuration list for PBXProject "Metronome" */;
			compatibilityVersion = "Xcode 13.0";
			developmentRegion = en;
			hasScannedForEncodings = 0;
			knownRegions = (
				en,
				Base,
			);
			mainGroup = 87A2FA4728F67561002C1901;
			productRefGroup = 87A2FA5128F67561002C1901 /* Products */;
			projectDirPath = "";
			projectRoot = "";
			targets = (
				87A2FA4F28F67561002C1901 /* Metronome */,
				87A2FA6528F67562002C1901 /* MetronomeTests */,
				87A2FA6F28F67562002C1901 /* MetronomeUITests */,
			);
		};
/* End PBXProject section */

/* Begin PBXResourcesBuildPhase section */
		87A2FA4E28F67561002C1901 /* Resources */ = {
			isa = PBXResourcesBuildPhase;
			buildActionMask = 2147483647;
			files = (
				8736B70028F7D8A900907650 /* stick.mp3 in Resources */,
				87315EEF28F82B59004051C6 /* stick_low.mp3 in Resources */,
				87A2FA5D28F67562002C1901 /* Assets.xcassets in Resources */,
			);
			runOnlyForDeploymentPostprocessing = 0;
		};
		87A2FA6428F67562002C1901 /* Resources */ = {
			isa = PBXResourcesBuildPhase;
			buildActionMask = 2147483647;
			files = (
			);
			runOnlyForDeploymentPostprocessing = 0;
		};
		87A2FA6E28F67562002C1901 /* Resources */ = {
			isa = PBXResourcesBuildPhase;
			buildActionMask = 2147483647;
			files = (
			);
			runOnlyForDeploymentPostprocessing = 0;
		};
/* End PBXResourcesBuildPhase section */

/* Begin PBXSourcesBuildPhase section */
		87A2FA4C28F67561002C1901 /* Sources */ = {
			isa = PBXSourcesBuildPhase;
			buildActionMask = 2147483647;
			files = (
				D31F63A12AF924CB00422588 /* Metronome.swift in Sources */,
				876EAF202B06493F004CAA2A /* CustomColors.swift in Sources */,
				D36761102B0CB0D80028D9EE /* BeatView.swift in Sources */,
				D31F639D2AF9242E00422588 /* MetronomeView.swift in Sources */,
				D31F639F2AF9245400422588 /* MetronomeViewModel.swift in Sources */,
				D31F639B2AF923F600422588 /* MetronomeApp.swift in Sources */,
			);
			runOnlyForDeploymentPostprocessing = 0;
		};
		87A2FA6228F67562002C1901 /* Sources */ = {
			isa = PBXSourcesBuildPhase;
			buildActionMask = 2147483647;
			files = (
				87A2FA6B28F67562002C1901 /* MetronomeTests.swift in Sources */,
			);
			runOnlyForDeploymentPostprocessing = 0;
		};
		87A2FA6C28F67562002C1901 /* Sources */ = {
			isa = PBXSourcesBuildPhase;
			buildActionMask = 2147483647;
			files = (
				87A2FA7528F67562002C1901 /* MetronomeUITests.swift in Sources */,
				87A2FA7728F67562002C1901 /* MetronomeUITestsLaunchTests.swift in Sources */,
			);
			runOnlyForDeploymentPostprocessing = 0;
		};
/* End PBXSourcesBuildPhase section */

/* Begin PBXTargetDependency section */
		87A2FA6828F67562002C1901 /* PBXTargetDependency */ = {
			isa = PBXTargetDependency;
			target = 87A2FA4F28F67561002C1901 /* Metronome */;
			targetProxy = 87A2FA6728F67562002C1901 /* PBXContainerItemProxy */;
		};
		87A2FA7228F67562002C1901 /* PBXTargetDependency */ = {
			isa = PBXTargetDependency;
			target = 87A2FA4F28F67561002C1901 /* Metronome */;
			targetProxy = 87A2FA7128F67562002C1901 /* PBXContainerItemProxy */;
		};
/* End PBXTargetDependency section */

/* Begin XCBuildConfiguration section */
		87A2FA7828F67562002C1901 /* Debug */ = {
			isa = XCBuildConfiguration;
			buildSettings = {
				ALWAYS_SEARCH_USER_PATHS = NO;
				CLANG_ANALYZER_NONNULL = YES;
				CLANG_ANALYZER_NUMBER_OBJECT_CONVERSION = YES_AGGRESSIVE;
				CLANG_CXX_LANGUAGE_STANDARD = "gnu++17";
				CLANG_ENABLE_MODULES = YES;
				CLANG_ENABLE_OBJC_ARC = YES;
				CLANG_ENABLE_OBJC_WEAK = YES;
				CLANG_WARN_BLOCK_CAPTURE_AUTORELEASING = YES;
				CLANG_WARN_BOOL_CONVERSION = YES;
				CLANG_WARN_COMMA = YES;
				CLANG_WARN_CONSTANT_CONVERSION = YES;
				CLANG_WARN_DEPRECATED_OBJC_IMPLEMENTATIONS = YES;
				CLANG_WARN_DIRECT_OBJC_ISA_USAGE = YES_ERROR;
				CLANG_WARN_DOCUMENTATION_COMMENTS = YES;
				CLANG_WARN_EMPTY_BODY = YES;
				CLANG_WARN_ENUM_CONVERSION = YES;
				CLANG_WARN_INFINITE_RECURSION = YES;
				CLANG_WARN_INT_CONVERSION = YES;
				CLANG_WARN_NON_LITERAL_NULL_CONVERSION = YES;
				CLANG_WARN_OBJC_IMPLICIT_RETAIN_SELF = YES;
				CLANG_WARN_OBJC_LITERAL_CONVERSION = YES;
				CLANG_WARN_OBJC_ROOT_CLASS = YES_ERROR;
				CLANG_WARN_QUOTED_INCLUDE_IN_FRAMEWORK_HEADER = YES;
				CLANG_WARN_RANGE_LOOP_ANALYSIS = YES;
				CLANG_WARN_STRICT_PROTOTYPES = YES;
				CLANG_WARN_SUSPICIOUS_MOVE = YES;
				CLANG_WARN_UNGUARDED_AVAILABILITY = YES_AGGRESSIVE;
				CLANG_WARN_UNREACHABLE_CODE = YES;
				CLANG_WARN__DUPLICATE_METHOD_MATCH = YES;
				COPY_PHASE_STRIP = NO;
				DEBUG_INFORMATION_FORMAT = dwarf;
				ENABLE_STRICT_OBJC_MSGSEND = YES;
				ENABLE_TESTABILITY = YES;
				GCC_C_LANGUAGE_STANDARD = gnu11;
				GCC_DYNAMIC_NO_PIC = NO;
				GCC_NO_COMMON_BLOCKS = YES;
				GCC_OPTIMIZATION_LEVEL = 0;
				GCC_PREPROCESSOR_DEFINITIONS = (
					"DEBUG=1",
					"$(inherited)",
				);
				GCC_WARN_64_TO_32_BIT_CONVERSION = YES;
				GCC_WARN_ABOUT_RETURN_TYPE = YES_ERROR;
				GCC_WARN_UNDECLARED_SELECTOR = YES;
				GCC_WARN_UNINITIALIZED_AUTOS = YES_AGGRESSIVE;
				GCC_WARN_UNUSED_FUNCTION = YES;
				GCC_WARN_UNUSED_VARIABLE = YES;
				IPHONEOS_DEPLOYMENT_TARGET = 15.5;
				MTL_ENABLE_DEBUG_INFO = INCLUDE_SOURCE;
				MTL_FAST_MATH = YES;
				ONLY_ACTIVE_ARCH = YES;
				SDKROOT = iphoneos;
				SWIFT_ACTIVE_COMPILATION_CONDITIONS = DEBUG;
				SWIFT_OPTIMIZATION_LEVEL = "-Onone";
			};
			name = Debug;
		};
		87A2FA7928F67562002C1901 /* Release */ = {
			isa = XCBuildConfiguration;
			buildSettings = {
				ALWAYS_SEARCH_USER_PATHS = NO;
				CLANG_ANALYZER_NONNULL = YES;
				CLANG_ANALYZER_NUMBER_OBJECT_CONVERSION = YES_AGGRESSIVE;
				CLANG_CXX_LANGUAGE_STANDARD = "gnu++17";
				CLANG_ENABLE_MODULES = YES;
				CLANG_ENABLE_OBJC_ARC = YES;
				CLANG_ENABLE_OBJC_WEAK = YES;
				CLANG_WARN_BLOCK_CAPTURE_AUTORELEASING = YES;
				CLANG_WARN_BOOL_CONVERSION = YES;
				CLANG_WARN_COMMA = YES;
				CLANG_WARN_CONSTANT_CONVERSION = YES;
				CLANG_WARN_DEPRECATED_OBJC_IMPLEMENTATIONS = YES;
				CLANG_WARN_DIRECT_OBJC_ISA_USAGE = YES_ERROR;
				CLANG_WARN_DOCUMENTATION_COMMENTS = YES;
				CLANG_WARN_EMPTY_BODY = YES;
				CLANG_WARN_ENUM_CONVERSION = YES;
				CLANG_WARN_INFINITE_RECURSION = YES;
				CLANG_WARN_INT_CONVERSION = YES;
				CLANG_WARN_NON_LITERAL_NULL_CONVERSION = YES;
				CLANG_WARN_OBJC_IMPLICIT_RETAIN_SELF = YES;
				CLANG_WARN_OBJC_LITERAL_CONVERSION = YES;
				CLANG_WARN_OBJC_ROOT_CLASS = YES_ERROR;
				CLANG_WARN_QUOTED_INCLUDE_IN_FRAMEWORK_HEADER = YES;
				CLANG_WARN_RANGE_LOOP_ANALYSIS = YES;
				CLANG_WARN_STRICT_PROTOTYPES = YES;
				CLANG_WARN_SUSPICIOUS_MOVE = YES;
				CLANG_WARN_UNGUARDED_AVAILABILITY = YES_AGGRESSIVE;
				CLANG_WARN_UNREACHABLE_CODE = YES;
				CLANG_WARN__DUPLICATE_METHOD_MATCH = YES;
				COPY_PHASE_STRIP = NO;
				DEBUG_INFORMATION_FORMAT = "dwarf-with-dsym";
				ENABLE_NS_ASSERTIONS = NO;
				ENABLE_STRICT_OBJC_MSGSEND = YES;
				GCC_C_LANGUAGE_STANDARD = gnu11;
				GCC_NO_COMMON_BLOCKS = YES;
				GCC_WARN_64_TO_32_BIT_CONVERSION = YES;
				GCC_WARN_ABOUT_RETURN_TYPE = YES_ERROR;
				GCC_WARN_UNDECLARED_SELECTOR = YES;
				GCC_WARN_UNINITIALIZED_AUTOS = YES_AGGRESSIVE;
				GCC_WARN_UNUSED_FUNCTION = YES;
				GCC_WARN_UNUSED_VARIABLE = YES;
				IPHONEOS_DEPLOYMENT_TARGET = 15.5;
				MTL_ENABLE_DEBUG_INFO = NO;
				MTL_FAST_MATH = YES;
				SDKROOT = iphoneos;
				SWIFT_COMPILATION_MODE = wholemodule;
				SWIFT_OPTIMIZATION_LEVEL = "-O";
				VALIDATE_PRODUCT = YES;
			};
			name = Release;
		};
		87A2FA7B28F67562002C1901 /* Debug */ = {
			isa = XCBuildConfiguration;
			buildSettings = {
				ASSETCATALOG_COMPILER_APPICON_NAME = AppIcon;
				ASSETCATALOG_COMPILER_GLOBAL_ACCENT_COLOR_NAME = AccentColor;
				CODE_SIGN_IDENTITY = "Apple Development";
				CODE_SIGN_STYLE = Automatic;
				CURRENT_PROJECT_VERSION = 1;
				DEVELOPMENT_TEAM = DDUKN86LGP;
				GENERATE_INFOPLIST_FILE = YES;
				INFOPLIST_FILE = Metronome/Info.plist;
				INFOPLIST_KEY_UIApplicationSupportsIndirectInputEvents = YES;
				INFOPLIST_KEY_UILaunchStoryboardName = LaunchScreen;
				INFOPLIST_KEY_UISupportedInterfaceOrientations_iPad = "UIInterfaceOrientationPortrait UIInterfaceOrientationPortraitUpsideDown UIInterfaceOrientationLandscapeLeft UIInterfaceOrientationLandscapeRight";
				INFOPLIST_KEY_UISupportedInterfaceOrientations_iPhone = "UIInterfaceOrientationPortrait UIInterfaceOrientationLandscapeLeft UIInterfaceOrientationLandscapeRight";
				LD_RUNPATH_SEARCH_PATHS = (
					"$(inherited)",
					"@executable_path/Frameworks",
				);
				MARKETING_VERSION = 1.0;
				PRODUCT_BUNDLE_IDENTIFIER = test.Metronome;
				PRODUCT_NAME = "$(TARGET_NAME)";
				PROVISIONING_PROFILE_SPECIFIER = "";
				SWIFT_EMIT_LOC_STRINGS = YES;
				SWIFT_VERSION = 5.0;
				TARGETED_DEVICE_FAMILY = "1,2";
			};
			name = Debug;
		};
		87A2FA7C28F67562002C1901 /* Release */ = {
			isa = XCBuildConfiguration;
			buildSettings = {
				ASSETCATALOG_COMPILER_APPICON_NAME = AppIcon;
				ASSETCATALOG_COMPILER_GLOBAL_ACCENT_COLOR_NAME = AccentColor;
				CODE_SIGN_IDENTITY = "Apple Development";
				CODE_SIGN_STYLE = Automatic;
				CURRENT_PROJECT_VERSION = 1;
				DEVELOPMENT_TEAM = DDUKN86LGP;
				GENERATE_INFOPLIST_FILE = YES;
				INFOPLIST_FILE = Metronome/Info.plist;
				INFOPLIST_KEY_UIApplicationSupportsIndirectInputEvents = YES;
				INFOPLIST_KEY_UILaunchStoryboardName = LaunchScreen;
				INFOPLIST_KEY_UISupportedInterfaceOrientations_iPad = "UIInterfaceOrientationPortrait UIInterfaceOrientationPortraitUpsideDown UIInterfaceOrientationLandscapeLeft UIInterfaceOrientationLandscapeRight";
				INFOPLIST_KEY_UISupportedInterfaceOrientations_iPhone = "UIInterfaceOrientationPortrait UIInterfaceOrientationLandscapeLeft UIInterfaceOrientationLandscapeRight";
				LD_RUNPATH_SEARCH_PATHS = (
					"$(inherited)",
					"@executable_path/Frameworks",
				);
				MARKETING_VERSION = 1.0;
				PRODUCT_BUNDLE_IDENTIFIER = test.Metronome;
				PRODUCT_NAME = "$(TARGET_NAME)";
				PROVISIONING_PROFILE_SPECIFIER = "";
				SWIFT_EMIT_LOC_STRINGS = YES;
				SWIFT_VERSION = 5.0;
				TARGETED_DEVICE_FAMILY = "1,2";
			};
			name = Release;
		};
		87A2FA7E28F67562002C1901 /* Debug */ = {
			isa = XCBuildConfiguration;
			buildSettings = {
				ALWAYS_EMBED_SWIFT_STANDARD_LIBRARIES = YES;
				BUNDLE_LOADER = "$(TEST_HOST)";
				CODE_SIGN_STYLE = Automatic;
				CURRENT_PROJECT_VERSION = 1;
				GENERATE_INFOPLIST_FILE = YES;
				IPHONEOS_DEPLOYMENT_TARGET = 15.5;
				MARKETING_VERSION = 1.0;
				PRODUCT_BUNDLE_IDENTIFIER = test.MetronomeTests;
				PRODUCT_NAME = "$(TARGET_NAME)";
				SWIFT_EMIT_LOC_STRINGS = NO;
				SWIFT_VERSION = 5.0;
				TARGETED_DEVICE_FAMILY = "1,2";
				TEST_HOST = "$(BUILT_PRODUCTS_DIR)/Metronome.app/Metronome";
			};
			name = Debug;
		};
		87A2FA7F28F67562002C1901 /* Release */ = {
			isa = XCBuildConfiguration;
			buildSettings = {
				ALWAYS_EMBED_SWIFT_STANDARD_LIBRARIES = YES;
				BUNDLE_LOADER = "$(TEST_HOST)";
				CODE_SIGN_STYLE = Automatic;
				CURRENT_PROJECT_VERSION = 1;
				GENERATE_INFOPLIST_FILE = YES;
				IPHONEOS_DEPLOYMENT_TARGET = 15.5;
				MARKETING_VERSION = 1.0;
				PRODUCT_BUNDLE_IDENTIFIER = test.MetronomeTests;
				PRODUCT_NAME = "$(TARGET_NAME)";
				SWIFT_EMIT_LOC_STRINGS = NO;
				SWIFT_VERSION = 5.0;
				TARGETED_DEVICE_FAMILY = "1,2";
				TEST_HOST = "$(BUILT_PRODUCTS_DIR)/Metronome.app/Metronome";
			};
			name = Release;
		};
		87A2FA8128F67562002C1901 /* Debug */ = {
			isa = XCBuildConfiguration;
			buildSettings = {
				ALWAYS_EMBED_SWIFT_STANDARD_LIBRARIES = YES;
				CODE_SIGN_STYLE = Automatic;
				CURRENT_PROJECT_VERSION = 1;
				GENERATE_INFOPLIST_FILE = YES;
				MARKETING_VERSION = 1.0;
				PRODUCT_BUNDLE_IDENTIFIER = test.MetronomeUITests;
				PRODUCT_NAME = "$(TARGET_NAME)";
				SWIFT_EMIT_LOC_STRINGS = NO;
				SWIFT_VERSION = 5.0;
				TARGETED_DEVICE_FAMILY = "1,2";
				TEST_TARGET_NAME = Metronome;
			};
			name = Debug;
		};
		87A2FA8228F67562002C1901 /* Release */ = {
			isa = XCBuildConfiguration;
			buildSettings = {
				ALWAYS_EMBED_SWIFT_STANDARD_LIBRARIES = YES;
				CODE_SIGN_STYLE = Automatic;
				CURRENT_PROJECT_VERSION = 1;
				GENERATE_INFOPLIST_FILE = YES;
				MARKETING_VERSION = 1.0;
				PRODUCT_BUNDLE_IDENTIFIER = test.MetronomeUITests;
				PRODUCT_NAME = "$(TARGET_NAME)";
				SWIFT_EMIT_LOC_STRINGS = NO;
				SWIFT_VERSION = 5.0;
				TARGETED_DEVICE_FAMILY = "1,2";
				TEST_TARGET_NAME = Metronome;
			};
			name = Release;
		};
/* End XCBuildConfiguration section */

/* Begin XCConfigurationList section */
		87A2FA4B28F67561002C1901 /* Build configuration list for PBXProject "Metronome" */ = {
			isa = XCConfigurationList;
			buildConfigurations = (
				87A2FA7828F67562002C1901 /* Debug */,
				87A2FA7928F67562002C1901 /* Release */,
			);
			defaultConfigurationIsVisible = 0;
			defaultConfigurationName = Release;
		};
		87A2FA7A28F67562002C1901 /* Build configuration list for PBXNativeTarget "Metronome" */ = {
			isa = XCConfigurationList;
			buildConfigurations = (
				87A2FA7B28F67562002C1901 /* Debug */,
				87A2FA7C28F67562002C1901 /* Release */,
			);
			defaultConfigurationIsVisible = 0;
			defaultConfigurationName = Release;
		};
		87A2FA7D28F67562002C1901 /* Build configuration list for PBXNativeTarget "MetronomeTests" */ = {
			isa = XCConfigurationList;
			buildConfigurations = (
				87A2FA7E28F67562002C1901 /* Debug */,
				87A2FA7F28F67562002C1901 /* Release */,
			);
			defaultConfigurationIsVisible = 0;
			defaultConfigurationName = Release;
		};
		87A2FA8028F67562002C1901 /* Build configuration list for PBXNativeTarget "MetronomeUITests" */ = {
			isa = XCConfigurationList;
			buildConfigurations = (
				87A2FA8128F67562002C1901 /* Debug */,
				87A2FA8228F67562002C1901 /* Release */,
			);
			defaultConfigurationIsVisible = 0;
			defaultConfigurationName = Release;
		};
/* End XCConfigurationList section */
	};
	rootObject = 87A2FA4828F67561002C1901 /* Project object */;
}
